// !$*UTF8*$!
{
	archiveVersion = 1;
	classes = {
	};
	objectVersion = 50;
	objects = {

/* Begin PBXBuildFile section */
		854227D72133E96D00CC8E5D /* AppDelegate.swift in Sources */ = {isa = PBXBuildFile; fileRef = 854227D62133E96D00CC8E5D /* AppDelegate.swift */; };
		854227D92133E96D00CC8E5D /* ViewController.swift in Sources */ = {isa = PBXBuildFile; fileRef = 854227D82133E96D00CC8E5D /* ViewController.swift */; };
		854227DC2133E96D00CC8E5D /* Main.storyboard in Resources */ = {isa = PBXBuildFile; fileRef = 854227DA2133E96D00CC8E5D /* Main.storyboard */; };
		854227DE2133E96E00CC8E5D /* Assets.xcassets in Resources */ = {isa = PBXBuildFile; fileRef = 854227DD2133E96E00CC8E5D /* Assets.xcassets */; };
		854227E12133E96E00CC8E5D /* LaunchScreen.storyboard in Resources */ = {isa = PBXBuildFile; fileRef = 854227DF2133E96E00CC8E5D /* LaunchScreen.storyboard */; };
		854227E92133F60000CC8E5D /* SpiderChartView.swift in Sources */ = {isa = PBXBuildFile; fileRef = 854227E82133F60000CC8E5D /* SpiderChartView.swift */; };
		E7B4F6D6AE3D5AFE1037E349 /* Pods_SpiderChartView.framework in Frameworks */ = {isa = PBXBuildFile; fileRef = CB5E606A212645CAADD6F5AA /* Pods_SpiderChartView.framework */; };
/* End PBXBuildFile section */

/* Begin PBXFileReference section */
		4BE53DBF80194744CA8EC620 /* Pods-SpiderChartView.release.xcconfig */ = {isa = PBXFileReference; includeInIndex = 1; lastKnownFileType = text.xcconfig; name = "Pods-SpiderChartView.release.xcconfig"; path = "Pods/Target Support Files/Pods-SpiderChartView/Pods-SpiderChartView.release.xcconfig"; sourceTree = "<group>"; };
		854227D32133E96D00CC8E5D /* SpiderChartView.app */ = {isa = PBXFileReference; explicitFileType = wrapper.application; includeInIndex = 0; path = SpiderChartView.app; sourceTree = BUILT_PRODUCTS_DIR; };
		854227D62133E96D00CC8E5D /* AppDelegate.swift */ = {isa = PBXFileReference; lastKnownFileType = sourcecode.swift; path = AppDelegate.swift; sourceTree = "<group>"; };
		854227D82133E96D00CC8E5D /* ViewController.swift */ = {isa = PBXFileReference; lastKnownFileType = sourcecode.swift; path = ViewController.swift; sourceTree = "<group>"; };
		854227DB2133E96D00CC8E5D /* Base */ = {isa = PBXFileReference; lastKnownFileType = file.storyboard; name = Base; path = Base.lproj/Main.storyboard; sourceTree = "<group>"; };
		854227DD2133E96E00CC8E5D /* Assets.xcassets */ = {isa = PBXFileReference; lastKnownFileType = folder.assetcatalog; path = Assets.xcassets; sourceTree = "<group>"; };
		854227E02133E96E00CC8E5D /* Base */ = {isa = PBXFileReference; lastKnownFileType = file.storyboard; name = Base; path = Base.lproj/LaunchScreen.storyboard; sourceTree = "<group>"; };
		854227E22133E96E00CC8E5D /* Info.plist */ = {isa = PBXFileReference; lastKnownFileType = text.plist.xml; path = Info.plist; sourceTree = "<group>"; };
		854227E82133F60000CC8E5D /* SpiderChartView.swift */ = {isa = PBXFileReference; lastKnownFileType = sourcecode.swift; path = SpiderChartView.swift; sourceTree = "<group>"; };
		CB5E606A212645CAADD6F5AA /* Pods_SpiderChartView.framework */ = {isa = PBXFileReference; explicitFileType = wrapper.framework; includeInIndex = 0; path = Pods_SpiderChartView.framework; sourceTree = BUILT_PRODUCTS_DIR; };
		ECA66EAA3B4B824269141A69 /* Pods-SpiderChartView.debug.xcconfig */ = {isa = PBXFileReference; includeInIndex = 1; lastKnownFileType = text.xcconfig; name = "Pods-SpiderChartView.debug.xcconfig"; path = "Pods/Target Support Files/Pods-SpiderChartView/Pods-SpiderChartView.debug.xcconfig"; sourceTree = "<group>"; };
/* End PBXFileReference section */

/* Begin PBXFrameworksBuildPhase section */
		854227D02133E96D00CC8E5D /* Frameworks */ = {
			isa = PBXFrameworksBuildPhase;
			buildActionMask = 2147483647;
			files = (
				E7B4F6D6AE3D5AFE1037E349 /* Pods_SpiderChartView.framework in Frameworks */,
			);
			runOnlyForDeploymentPostprocessing = 0;
		};
/* End PBXFrameworksBuildPhase section */

/* Begin PBXGroup section */
		25CE9AA3D3AC60474465A072 /* Frameworks */ = {
			isa = PBXGroup;
			children = (
				CB5E606A212645CAADD6F5AA /* Pods_SpiderChartView.framework */,
			);
			name = Frameworks;
			sourceTree = "<group>";
		};
		854227CA2133E96D00CC8E5D = {
			isa = PBXGroup;
			children = (
				854227D52133E96D00CC8E5D /* SpiderChartView */,
				854227D42133E96D00CC8E5D /* Products */,
				B495827186A3F185E784102F /* Pods */,
				25CE9AA3D3AC60474465A072 /* Frameworks */,
			);
			sourceTree = "<group>";
		};
		854227D42133E96D00CC8E5D /* Products */ = {
			isa = PBXGroup;
			children = (
				854227D32133E96D00CC8E5D /* SpiderChartView.app */,
			);
			name = Products;
			sourceTree = "<group>";
		};
		854227D52133E96D00CC8E5D /* SpiderChartView */ = {
			isa = PBXGroup;
			children = (
				854227D62133E96D00CC8E5D /* AppDelegate.swift */,
				854227D82133E96D00CC8E5D /* ViewController.swift */,
				854227DA2133E96D00CC8E5D /* Main.storyboard */,
				854227DD2133E96E00CC8E5D /* Assets.xcassets */,
				854227DF2133E96E00CC8E5D /* LaunchScreen.storyboard */,
				854227E22133E96E00CC8E5D /* Info.plist */,
				854227E82133F60000CC8E5D /* SpiderChartView.swift */,
			);
			path = SpiderChartView;
			sourceTree = "<group>";
		};
		B495827186A3F185E784102F /* Pods */ = {
			isa = PBXGroup;
			children = (
				ECA66EAA3B4B824269141A69 /* Pods-SpiderChartView.debug.xcconfig */,
				4BE53DBF80194744CA8EC620 /* Pods-SpiderChartView.release.xcconfig */,
			);
			name = Pods;
			sourceTree = "<group>";
		};
/* End PBXGroup section */

/* Begin PBXNativeTarget section */
		854227D22133E96D00CC8E5D /* SpiderChartView */ = {
			isa = PBXNativeTarget;
			buildConfigurationList = 854227E52133E96E00CC8E5D /* Build configuration list for PBXNativeTarget "SpiderChartView" */;
			buildPhases = (
				47495951CF72B26DEC0F3566 /* [CP] Check Pods Manifest.lock */,
				854227CF2133E96D00CC8E5D /* Sources */,
				854227D02133E96D00CC8E5D /* Frameworks */,
				854227D12133E96D00CC8E5D /* Resources */,
				342D36B3A8314209130690CB /* [CP] Embed Pods Frameworks */,
			);
			buildRules = (
			);
			dependencies = (
			);
			name = SpiderChartView;
			productName = SpiderChartView;
			productReference = 854227D32133E96D00CC8E5D /* SpiderChartView.app */;
			productType = "com.apple.product-type.application";
		};
/* End PBXNativeTarget section */

/* Begin PBXProject section */
		854227CB2133E96D00CC8E5D /* Project object */ = {
			isa = PBXProject;
			attributes = {
				LastSwiftUpdateCheck = 0940;
				LastUpgradeCheck = 0940;
				ORGANIZATIONNAME = wx;
				TargetAttributes = {
					854227D22133E96D00CC8E5D = {
						CreatedOnToolsVersion = 9.4.1;
					};
				};
			};
			buildConfigurationList = 854227CE2133E96D00CC8E5D /* Build configuration list for PBXProject "SpiderChartView" */;
			compatibilityVersion = "Xcode 9.3";
			developmentRegion = en;
			hasScannedForEncodings = 0;
			knownRegions = (
				en,
				Base,
			);
			mainGroup = 854227CA2133E96D00CC8E5D;
			productRefGroup = 854227D42133E96D00CC8E5D /* Products */;
			projectDirPath = "";
			projectRoot = "";
			targets = (
				854227D22133E96D00CC8E5D /* SpiderChartView */,
			);
		};
/* End PBXProject section */

/* Begin PBXResourcesBuildPhase section */
		854227D12133E96D00CC8E5D /* Resources */ = {
			isa = PBXResourcesBuildPhase;
			buildActionMask = 2147483647;
			files = (
				854227E12133E96E00CC8E5D /* LaunchScreen.storyboard in Resources */,
				854227DE2133E96E00CC8E5D /* Assets.xcassets in Resources */,
				854227DC2133E96D00CC8E5D /* Main.storyboard in Resources */,
			);
			runOnlyForDeploymentPostprocessing = 0;
		};
/* End PBXResourcesBuildPhase section */

/* Begin PBXShellScriptBuildPhase section */
		342D36B3A8314209130690CB /* [CP] Embed Pods Frameworks */ = {
			isa = PBXShellScriptBuildPhase;
			buildActionMask = 2147483647;
			files = (
			);
			inputPaths = (
				"${SRCROOT}/Pods/Target Support Files/Pods-SpiderChartView/Pods-SpiderChartView-frameworks.sh",
				"${BUILT_PRODUCTS_DIR}/Macaw/Macaw.framework",
				"${BUILT_PRODUCTS_DIR}/SWXMLHash/SWXMLHash.framework",
			);
			name = "[CP] Embed Pods Frameworks";
			outputPaths = (
				"${TARGET_BUILD_DIR}/${FRAMEWORKS_FOLDER_PATH}/Macaw.framework",
				"${TARGET_BUILD_DIR}/${FRAMEWORKS_FOLDER_PATH}/SWXMLHash.framework",
			);
			runOnlyForDeploymentPostprocessing = 0;
			shellPath = /bin/sh;
			shellScript = "\"${SRCROOT}/Pods/Target Support Files/Pods-SpiderChartView/Pods-SpiderChartView-frameworks.sh\"\n";
			showEnvVarsInLog = 0;
		};
		47495951CF72B26DEC0F3566 /* [CP] Check Pods Manifest.lock */ = {
			isa = PBXShellScriptBuildPhase;
			buildActionMask = 2147483647;
			files = (
			);
			inputPaths = (
				"${PODS_PODFILE_DIR_PATH}/Podfile.lock",
				"${PODS_ROOT}/Manifest.lock",
			);
			name = "[CP] Check Pods Manifest.lock";
			outputPaths = (
				"$(DERIVED_FILE_DIR)/Pods-SpiderChartView-checkManifestLockResult.txt",
			);
			runOnlyForDeploymentPostprocessing = 0;
			shellPath = /bin/sh;
			shellScript = "diff \"${PODS_PODFILE_DIR_PATH}/Podfile.lock\" \"${PODS_ROOT}/Manifest.lock\" > /dev/null\nif [ $? != 0 ] ; then\n    # print error to STDERR\n    echo \"error: The sandbox is not in sync with the Podfile.lock. Run 'pod install' or update your CocoaPods installation.\" >&2\n    exit 1\nfi\n# This output is used by Xcode 'outputs' to avoid re-running this script phase.\necho \"SUCCESS\" > \"${SCRIPT_OUTPUT_FILE_0}\"\n";
			showEnvVarsInLog = 0;
		};
/* End PBXShellScriptBuildPhase section */

/* Begin PBXSourcesBuildPhase section */
		854227CF2133E96D00CC8E5D /* Sources */ = {
			isa = PBXSourcesBuildPhase;
			buildActionMask = 2147483647;
			files = (
				854227E92133F60000CC8E5D /* SpiderChartView.swift in Sources */,
				854227D92133E96D00CC8E5D /* ViewController.swift in Sources */,
				854227D72133E96D00CC8E5D /* AppDelegate.swift in Sources */,
			);
			runOnlyForDeploymentPostprocessing = 0;
		};
/* End PBXSourcesBuildPhase section */

/* Begin PBXVariantGroup section */
		854227DA2133E96D00CC8E5D /* Main.storyboard */ = {
			isa = PBXVariantGroup;
			children = (
				854227DB2133E96D00CC8E5D /* Base */,
			);
			name = Main.storyboard;
			sourceTree = "<group>";
		};
		854227DF2133E96E00CC8E5D /* LaunchScreen.storyboard */ = {
			isa = PBXVariantGroup;
			children = (
				854227E02133E96E00CC8E5D /* Base */,
			);
			name = LaunchScreen.storyboard;
			sourceTree = "<group>";
		};
/* End PBXVariantGroup section */

/* Begin XCBuildConfiguration section */
		854227E32133E96E00CC8E5D /* Debug */ = {
			isa = XCBuildConfiguration;
			buildSettings = {
				ALWAYS_SEARCH_USER_PATHS = NO;
				CLANG_ANALYZER_NONNULL = YES;
				CLANG_ANALYZER_NUMBER_OBJECT_CONVERSION = YES_AGGRESSIVE;
				CLANG_CXX_LANGUAGE_STANDARD = "gnu++14";
				CLANG_CXX_LIBRARY = "libc++";
				CLANG_ENABLE_MODULES = YES;
				CLANG_ENABLE_OBJC_ARC = YES;
				CLANG_ENABLE_OBJC_WEAK = YES;
				CLANG_WARN_BLOCK_CAPTURE_AUTORELEASING = YES;
				CLANG_WARN_BOOL_CONVERSION = YES;
				CLANG_WARN_COMMA = YES;
				CLANG_WARN_CONSTANT_CONVERSION = YES;
				CLANG_WARN_DEPRECATED_OBJC_IMPLEMENTATIONS = YES;
				CLANG_WARN_DIRECT_OBJC_ISA_USAGE = YES_ERROR;
				CLANG_WARN_DOCUMENTATION_COMMENTS = YES;
				CLANG_WARN_EMPTY_BODY = YES;
				CLANG_WARN_ENUM_CONVERSION = YES;
				CLANG_WARN_INFINITE_RECURSION = YES;
				CLANG_WARN_INT_CONVERSION = YES;
				CLANG_WARN_NON_LITERAL_NULL_CONVERSION = YES;
				CLANG_WARN_OBJC_IMPLICIT_RETAIN_SELF = YES;
				CLANG_WARN_OBJC_LITERAL_CONVERSION = YES;
				CLANG_WARN_OBJC_ROOT_CLASS = YES_ERROR;
				CLANG_WARN_RANGE_LOOP_ANALYSIS = YES;
				CLANG_WARN_STRICT_PROTOTYPES = YES;
				CLANG_WARN_SUSPICIOUS_MOVE = YES;
				CLANG_WARN_UNGUARDED_AVAILABILITY = YES_AGGRESSIVE;
				CLANG_WARN_UNREACHABLE_CODE = YES;
				CLANG_WARN__DUPLICATE_METHOD_MATCH = YES;
				CODE_SIGN_IDENTITY = "iPhone Developer";
				COPY_PHASE_STRIP = NO;
				DEBUG_INFORMATION_FORMAT = dwarf;
				ENABLE_STRICT_OBJC_MSGSEND = YES;
				ENABLE_TESTABILITY = YES;
				GCC_C_LANGUAGE_STANDARD = gnu11;
				GCC_DYNAMIC_NO_PIC = NO;
				GCC_NO_COMMON_BLOCKS = YES;
				GCC_OPTIMIZATION_LEVEL = 0;
				GCC_PREPROCESSOR_DEFINITIONS = (
					"DEBUG=1",
					"$(inherited)",
				);
				GCC_WARN_64_TO_32_BIT_CONVERSION = YES;
				GCC_WARN_ABOUT_RETURN_TYPE = YES_ERROR;
				GCC_WARN_UNDECLARED_SELECTOR = YES;
				GCC_WARN_UNINITIALIZED_AUTOS = YES_AGGRESSIVE;
				GCC_WARN_UNUSED_FUNCTION = YES;
				GCC_WARN_UNUSED_VARIABLE = YES;
				IPHONEOS_DEPLOYMENT_TARGET = 9.0;
				MTL_ENABLE_DEBUG_INFO = YES;
				ONLY_ACTIVE_ARCH = YES;
				SDKROOT = iphoneos;
				SWIFT_ACTIVE_COMPILATION_CONDITIONS = DEBUG;
				SWIFT_OPTIMIZATION_LEVEL = "-Onone";
			};
			name = Debug;
		};
		854227E42133E96E00CC8E5D /* Release */ = {
			isa = XCBuildConfiguration;
			buildSettings = {
				ALWAYS_SEARCH_USER_PATHS = NO;
				CLANG_ANALYZER_NONNULL = YES;
				CLANG_ANALYZER_NUMBER_OBJECT_CONVERSION = YES_AGGRESSIVE;
				CLANG_CXX_LANGUAGE_STANDARD = "gnu++14";
				CLANG_CXX_LIBRARY = "libc++";
				CLANG_ENABLE_MODULES = YES;
				CLANG_ENABLE_OBJC_ARC = YES;
				CLANG_ENABLE_OBJC_WEAK = YES;
				CLANG_WARN_BLOCK_CAPTURE_AUTORELEASING = YES;
				CLANG_WARN_BOOL_CONVERSION = YES;
				CLANG_WARN_COMMA = YES;
				CLANG_WARN_CONSTANT_CONVERSION = YES;
				CLANG_WARN_DEPRECATED_OBJC_IMPLEMENTATIONS = YES;
				CLANG_WARN_DIRECT_OBJC_ISA_USAGE = YES_ERROR;
				CLANG_WARN_DOCUMENTATION_COMMENTS = YES;
				CLANG_WARN_EMPTY_BODY = YES;
				CLANG_WARN_ENUM_CONVERSION = YES;
				CLANG_WARN_INFINITE_RECURSION = YES;
				CLANG_WARN_INT_CONVERSION = YES;
				CLANG_WARN_NON_LITERAL_NULL_CONVERSION = YES;
				CLANG_WARN_OBJC_IMPLICIT_RETAIN_SELF = YES;
				CLANG_WARN_OBJC_LITERAL_CONVERSION = YES;
				CLANG_WARN_OBJC_ROOT_CLASS = YES_ERROR;
				CLANG_WARN_RANGE_LOOP_ANALYSIS = YES;
				CLANG_WARN_STRICT_PROTOTYPES = YES;
				CLANG_WARN_SUSPICIOUS_MOVE = YES;
				CLANG_WARN_UNGUARDED_AVAILABILITY = YES_AGGRESSIVE;
				CLANG_WARN_UNREACHABLE_CODE = YES;
				CLANG_WARN__DUPLICATE_METHOD_MATCH = YES;
				CODE_SIGN_IDENTITY = "iPhone Developer";
				COPY_PHASE_STRIP = NO;
				DEBUG_INFORMATION_FORMAT = "dwarf-with-dsym";
				ENABLE_NS_ASSERTIONS = NO;
				ENABLE_STRICT_OBJC_MSGSEND = YES;
				GCC_C_LANGUAGE_STANDARD = gnu11;
				GCC_NO_COMMON_BLOCKS = YES;
				GCC_WARN_64_TO_32_BIT_CONVERSION = YES;
				GCC_WARN_ABOUT_RETURN_TYPE = YES_ERROR;
				GCC_WARN_UNDECLARED_SELECTOR = YES;
				GCC_WARN_UNINITIALIZED_AUTOS = YES_AGGRESSIVE;
				GCC_WARN_UNUSED_FUNCTION = YES;
				GCC_WARN_UNUSED_VARIABLE = YES;
				IPHONEOS_DEPLOYMENT_TARGET = 9.0;
				MTL_ENABLE_DEBUG_INFO = NO;
				SDKROOT = iphoneos;
				SWIFT_COMPILATION_MODE = wholemodule;
				SWIFT_OPTIMIZATION_LEVEL = "-O";
				VALIDATE_PRODUCT = YES;
			};
			name = Release;
		};
		854227E62133E96E00CC8E5D /* Debug */ = {
			isa = XCBuildConfiguration;
			baseConfigurationReference = ECA66EAA3B4B824269141A69 /* Pods-SpiderChartView.debug.xcconfig */;
			buildSettings = {
				ASSETCATALOG_COMPILER_APPICON_NAME = AppIcon;
				CODE_SIGN_STYLE = Manual;
				DEVELOPMENT_TEAM = "";
				INFOPLIST_FILE = SpiderChartView/Info.plist;
				LD_RUNPATH_SEARCH_PATHS = (
					"$(inherited)",
					"@executable_path/Frameworks",
				);
				PRODUCT_BUNDLE_IDENTIFIER = com.wx.SpiderChartView;
				PRODUCT_NAME = "$(TARGET_NAME)";
				PROVISIONING_PROFILE_SPECIFIER = "";
				SWIFT_VERSION = 4.0;
				TARGETED_DEVICE_FAMILY = "1,2";
			};
			name = Debug;
		};
		854227E72133E96E00CC8E5D /* Release */ = {
			isa = XCBuildConfiguration;
			baseConfigurationReference = 4BE53DBF80194744CA8EC620 /* Pods-SpiderChartView.release.xcconfig */;
			buildSettings = {
				ASSETCATALOG_COMPILER_APPICON_NAME = AppIcon;
				CODE_SIGN_STYLE = Manual;
				DEVELOPMENT_TEAM = "";
				INFOPLIST_FILE = SpiderChartView/Info.plist;
				LD_RUNPATH_SEARCH_PATHS = (
					"$(inherited)",
					"@executable_path/Frameworks",
				);
				PRODUCT_BUNDLE_IDENTIFIER = com.wx.SpiderChartView;
				PRODUCT_NAME = "$(TARGET_NAME)";
				PROVISIONING_PROFILE_SPECIFIER = "";
				SWIFT_VERSION = 4.0;
				TARGETED_DEVICE_FAMILY = "1,2";
			};
			name = Release;
		};
/* End XCBuildConfiguration section */

/* Begin XCConfigurationList section */
		854227CE2133E96D00CC8E5D /* Build configuration list for PBXProject "SpiderChartView" */ = {
			isa = XCConfigurationList;
			buildConfigurations = (
				854227E32133E96E00CC8E5D /* Debug */,
				854227E42133E96E00CC8E5D /* Release */,
			);
			defaultConfigurationIsVisible = 0;
			defaultConfigurationName = Release;
		};
		854227E52133E96E00CC8E5D /* Build configuration list for PBXNativeTarget "SpiderChartView" */ = {
			isa = XCConfigurationList;
			buildConfigurations = (
				854227E62133E96E00CC8E5D /* Debug */,
				854227E72133E96E00CC8E5D /* Release */,
			);
			defaultConfigurationIsVisible = 0;
			defaultConfigurationName = Release;
		};
/* End XCConfigurationList section */
	};
	rootObject = 854227CB2133E96D00CC8E5D /* Project object */;
}
